// !$*UTF8*$!
{
	archiveVersion = 1;
	classes = {
	};
	objectVersion = 77;
	objects = {

/* Begin PBXBuildFile section */
		D02611072E4FEEF500AE6999 /* OHHTTPStubs in Frameworks */ = {isa = PBXBuildFile; productRef = D02611062E4FEEF400AE6999 /* OHHTTPStubs */; };
		D02611092E4FEEF500AE6999 /* OHHTTPStubsSwift in Frameworks */ = {isa = PBXBuildFile; productRef = D02611082E4FEEF500AE6999 /* OHHTTPStubsSwift */; };
		D03C00F72E0E4D4D00C1E61B /* GoogleSignIn in Frameworks */ = {isa = PBXBuildFile; productRef = D03C00F62E0E4D4D00C1E61B /* GoogleSignIn */; };
		D03C00F92E0E4D4D00C1E61B /* GoogleSignInSwift in Frameworks */ = {isa = PBXBuildFile; productRef = D03C00F82E0E4D4D00C1E61B /* GoogleSignInSwift */; };
		D0C019812E15F51C005A0414 /* FacebookCore in Frameworks */ = {isa = PBXBuildFile; productRef = D0C019802E15F51C005A0414 /* FacebookCore */; };
		D0C019832E15F51C005A0414 /* FacebookLogin in Frameworks */ = {isa = PBXBuildFile; productRef = D0C019822E15F51C005A0414 /* FacebookLogin */; };
		D0E4E6992E0A4B7C009A91B1 /* FirebaseAuth in Frameworks */ = {isa = PBXBuildFile; productRef = D0E4E6982E0A4B7C009A91B1 /* FirebaseAuth */; };
		D0E4E69B2E0A4B7C009A91B1 /* FirebaseCrashlytics in Frameworks */ = {isa = PBXBuildFile; productRef = D0E4E69A2E0A4B7C009A91B1 /* FirebaseCrashlytics */; };
/* End PBXBuildFile section */

/* Begin PBXContainerItemProxy section */
		D02610D82E4FE1E300AE6999 /* PBXContainerItemProxy */ = {
			isa = PBXContainerItemProxy;
			containerPortal = D0589FE02DE129A100E252EB /* Project object */;
			proxyType = 1;
			remoteGlobalIDString = D0589FE72DE129A100E252EB;
			remoteInfo = CoinTracker;
		};
/* End PBXContainerItemProxy section */

/* Begin PBXFileReference section */
		D02610D42E4FE1E300AE6999 /* CoinTrackerTests.xctest */ = {isa = PBXFileReference; explicitFileType = wrapper.cfbundle; includeInIndex = 0; path = CoinTrackerTests.xctest; sourceTree = BUILT_PRODUCTS_DIR; };
		D0589FE82DE129A100E252EB /* CoinTracker.app */ = {isa = PBXFileReference; explicitFileType = wrapper.application; includeInIndex = 0; path = CoinTracker.app; sourceTree = BUILT_PRODUCTS_DIR; };
/* End PBXFileReference section */

/* Begin PBXFileSystemSynchronizedBuildFileExceptionSet section */
		D0589FFA2DE129A400E252EB /* Exceptions for "CoinTracker" folder in "CoinTracker" target */ = {
			isa = PBXFileSystemSynchronizedBuildFileExceptionSet;
			membershipExceptions = (
				Info.plist,
			);
			target = D0589FE72DE129A100E252EB /* CoinTracker */;
		};
/* End PBXFileSystemSynchronizedBuildFileExceptionSet section */

/* Begin PBXFileSystemSynchronizedRootGroup section */
		D02610D52E4FE1E300AE6999 /* CoinTrackerTests */ = {
			isa = PBXFileSystemSynchronizedRootGroup;
			path = CoinTrackerTests;
			sourceTree = "<group>";
		};
		D0589FEA2DE129A100E252EB /* CoinTracker */ = {
			isa = PBXFileSystemSynchronizedRootGroup;
			exceptions = (
				D0589FFA2DE129A400E252EB /* Exceptions for "CoinTracker" folder in "CoinTracker" target */,
			);
			path = CoinTracker;
			sourceTree = "<group>";
		};
/* End PBXFileSystemSynchronizedRootGroup section */

/* Begin PBXFrameworksBuildPhase section */
		D02610D12E4FE1E300AE6999 /* Frameworks */ = {
			isa = PBXFrameworksBuildPhase;
			buildActionMask = 2147483647;
			files = (
				D02611072E4FEEF500AE6999 /* OHHTTPStubs in Frameworks */,
				D02611092E4FEEF500AE6999 /* OHHTTPStubsSwift in Frameworks */,
			);
			runOnlyForDeploymentPostprocessing = 0;
		};
		D0589FE52DE129A100E252EB /* Frameworks */ = {
			isa = PBXFrameworksBuildPhase;
			buildActionMask = 2147483647;
			files = (
				D0E4E6992E0A4B7C009A91B1 /* FirebaseAuth in Frameworks */,
				D0C019812E15F51C005A0414 /* FacebookCore in Frameworks */,
				D0C019832E15F51C005A0414 /* FacebookLogin in Frameworks */,
				D0E4E69B2E0A4B7C009A91B1 /* FirebaseCrashlytics in Frameworks */,
				D03C00F72E0E4D4D00C1E61B /* GoogleSignIn in Frameworks */,
				D03C00F92E0E4D4D00C1E61B /* GoogleSignInSwift in Frameworks */,
			);
			runOnlyForDeploymentPostprocessing = 0;
		};
/* End PBXFrameworksBuildPhase section */

/* Begin PBXGroup section */
		D0589FDF2DE129A100E252EB = {
			isa = PBXGroup;
			children = (
				D0589FEA2DE129A100E252EB /* CoinTracker */,
				D02610D52E4FE1E300AE6999 /* CoinTrackerTests */,
				D0589FE92DE129A100E252EB /* Products */,
			);
			sourceTree = "<group>";
		};
		D0589FE92DE129A100E252EB /* Products */ = {
			isa = PBXGroup;
			children = (
				D0589FE82DE129A100E252EB /* CoinTracker.app */,
				D02610D42E4FE1E300AE6999 /* CoinTrackerTests.xctest */,
			);
			name = Products;
			sourceTree = "<group>";
		};
/* End PBXGroup section */

/* Begin PBXNativeTarget section */
		D02610D32E4FE1E300AE6999 /* CoinTrackerTests */ = {
			isa = PBXNativeTarget;
			buildConfigurationList = D02610DC2E4FE1E300AE6999 /* Build configuration list for PBXNativeTarget "CoinTrackerTests" */;
			buildPhases = (
				D02610D02E4FE1E300AE6999 /* Sources */,
				D02610D12E4FE1E300AE6999 /* Frameworks */,
				D02610D22E4FE1E300AE6999 /* Resources */,
			);
			buildRules = (
			);
			dependencies = (
				D02610D92E4FE1E300AE6999 /* PBXTargetDependency */,
			);
			fileSystemSynchronizedGroups = (
				D02610D52E4FE1E300AE6999 /* CoinTrackerTests */,
			);
			name = CoinTrackerTests;
			packageProductDependencies = (
				D02611062E4FEEF400AE6999 /* OHHTTPStubs */,
				D02611082E4FEEF500AE6999 /* OHHTTPStubsSwift */,
			);
			productName = CoinTrackerTests;
			productReference = D02610D42E4FE1E300AE6999 /* CoinTrackerTests.xctest */;
			productType = "com.apple.product-type.bundle.unit-test";
		};
		D0589FE72DE129A100E252EB /* CoinTracker */ = {
			isa = PBXNativeTarget;
			buildConfigurationList = D0589FFB2DE129A400E252EB /* Build configuration list for PBXNativeTarget "CoinTracker" */;
			buildPhases = (
				D0589FE42DE129A100E252EB /* Sources */,
				D0589FE52DE129A100E252EB /* Frameworks */,
				D0589FE62DE129A100E252EB /* Resources */,
			);
			buildRules = (
			);
			dependencies = (
			);
			fileSystemSynchronizedGroups = (
				D0589FEA2DE129A100E252EB /* CoinTracker */,
			);
			name = CoinTracker;
			packageProductDependencies = (
				D0E4E6982E0A4B7C009A91B1 /* FirebaseAuth */,
				D0E4E69A2E0A4B7C009A91B1 /* FirebaseCrashlytics */,
				D03C00F62E0E4D4D00C1E61B /* GoogleSignIn */,
				D03C00F82E0E4D4D00C1E61B /* GoogleSignInSwift */,
				D0C019802E15F51C005A0414 /* FacebookCore */,
				D0C019822E15F51C005A0414 /* FacebookLogin */,
			);
			productName = CoinTracker;
			productReference = D0589FE82DE129A100E252EB /* CoinTracker.app */;
			productType = "com.apple.product-type.application";
		};
/* End PBXNativeTarget section */

/* Begin PBXProject section */
		D0589FE02DE129A100E252EB /* Project object */ = {
			isa = PBXProject;
			attributes = {
				BuildIndependentTargetsInParallel = 1;
				LastSwiftUpdateCheck = 1620;
				LastUpgradeCheck = 1620;
				TargetAttributes = {
					D02610D32E4FE1E300AE6999 = {
						CreatedOnToolsVersion = 16.2;
						TestTargetID = D0589FE72DE129A100E252EB;
					};
					D0589FE72DE129A100E252EB = {
						CreatedOnToolsVersion = 16.2;
					};
				};
			};
			buildConfigurationList = D0589FE32DE129A100E252EB /* Build configuration list for PBXProject "CoinTracker" */;
			developmentRegion = en;
			hasScannedForEncodings = 0;
			knownRegions = (
				en,
				Base,
			);
			mainGroup = D0589FDF2DE129A100E252EB;
			minimizedProjectReferenceProxies = 1;
			packageReferences = (
				D0E4E6972E0A4B7C009A91B1 /* XCRemoteSwiftPackageReference "firebase-ios-sdk" */,
				D03C00F52E0E4D4D00C1E61B /* XCRemoteSwiftPackageReference "GoogleSignIn-iOS" */,
				D0C0197F2E15F51C005A0414 /* XCRemoteSwiftPackageReference "facebook-ios-sdk" */,
				D02611052E4FEEF400AE6999 /* XCRemoteSwiftPackageReference "OHHTTPStubs" */,
			);
			preferredProjectObjectVersion = 77;
			productRefGroup = D0589FE92DE129A100E252EB /* Products */;
			projectDirPath = "";
			projectRoot = "";
			targets = (
				D0589FE72DE129A100E252EB /* CoinTracker */,
				D02610D32E4FE1E300AE6999 /* CoinTrackerTests */,
			);
		};
/* End PBXProject section */

/* Begin PBXResourcesBuildPhase section */
		D02610D22E4FE1E300AE6999 /* Resources */ = {
			isa = PBXResourcesBuildPhase;
			buildActionMask = 2147483647;
			files = (
			);
			runOnlyForDeploymentPostprocessing = 0;
		};
		D0589FE62DE129A100E252EB /* Resources */ = {
			isa = PBXResourcesBuildPhase;
			buildActionMask = 2147483647;
			files = (
			);
			runOnlyForDeploymentPostprocessing = 0;
		};
/* End PBXResourcesBuildPhase section */

/* Begin PBXSourcesBuildPhase section */
		D02610D02E4FE1E300AE6999 /* Sources */ = {
			isa = PBXSourcesBuildPhase;
			buildActionMask = 2147483647;
			files = (
			);
			runOnlyForDeploymentPostprocessing = 0;
		};
		D0589FE42DE129A100E252EB /* Sources */ = {
			isa = PBXSourcesBuildPhase;
			buildActionMask = 2147483647;
			files = (
			);
			runOnlyForDeploymentPostprocessing = 0;
		};
/* End PBXSourcesBuildPhase section */

/* Begin PBXTargetDependency section */
		D02610D92E4FE1E300AE6999 /* PBXTargetDependency */ = {
			isa = PBXTargetDependency;
			target = D0589FE72DE129A100E252EB /* CoinTracker */;
			targetProxy = D02610D82E4FE1E300AE6999 /* PBXContainerItemProxy */;
		};
/* End PBXTargetDependency section */

/* Begin XCBuildConfiguration section */
		D02610DA2E4FE1E300AE6999 /* Debug */ = {
			isa = XCBuildConfiguration;
			buildSettings = {
				BUNDLE_LOADER = "$(TEST_HOST)";
				CODE_SIGN_STYLE = Automatic;
				CURRENT_PROJECT_VERSION = 1;
				DEVELOPMENT_TEAM = 273F76QQVA;
				GENERATE_INFOPLIST_FILE = YES;
				MARKETING_VERSION = 1.0;
				PRODUCT_BUNDLE_IDENTIFIER = backfront.CoinTrackerTests;
				PRODUCT_NAME = "$(TARGET_NAME)";
				SWIFT_EMIT_LOC_STRINGS = NO;
				SWIFT_VERSION = 5.0;
				TARGETED_DEVICE_FAMILY = "1,2";
				TEST_HOST = "$(BUILT_PRODUCTS_DIR)/CoinTracker.app/$(BUNDLE_EXECUTABLE_FOLDER_PATH)/CoinTracker";
			};
			name = Debug;
		};
		D02610DB2E4FE1E300AE6999 /* Release */ = {
			isa = XCBuildConfiguration;
			buildSettings = {
				BUNDLE_LOADER = "$(TEST_HOST)";
				CODE_SIGN_STYLE = Automatic;
				CURRENT_PROJECT_VERSION = 1;
				DEVELOPMENT_TEAM = 273F76QQVA;
				GENERATE_INFOPLIST_FILE = YES;
				MARKETING_VERSION = 1.0;
				PRODUCT_BUNDLE_IDENTIFIER = backfront.CoinTrackerTests;
				PRODUCT_NAME = "$(TARGET_NAME)";
				SWIFT_EMIT_LOC_STRINGS = NO;
				SWIFT_VERSION = 5.0;
				TARGETED_DEVICE_FAMILY = "1,2";
				TEST_HOST = "$(BUILT_PRODUCTS_DIR)/CoinTracker.app/$(BUNDLE_EXECUTABLE_FOLDER_PATH)/CoinTracker";
			};
			name = Release;
		};
		D0589FFC2DE129A400E252EB /* Debug */ = {
			isa = XCBuildConfiguration;
			buildSettings = {
				ASSETCATALOG_COMPILER_APPICON_NAME = AppIcon;
				ASSETCATALOG_COMPILER_GLOBAL_ACCENT_COLOR_NAME = AccentColor;
				CODE_SIGN_ENTITLEMENTS = CoinTracker/CoinTracker.entitlements;
				CODE_SIGN_STYLE = Automatic;
				CURRENT_PROJECT_VERSION = 1;
				DEVELOPMENT_TEAM = 273F76QQVA;
				GENERATE_INFOPLIST_FILE = YES;
				INFOPLIST_FILE = CoinTracker/Info.plist;
				INFOPLIST_KEY_UIApplicationSupportsIndirectInputEvents = YES;
				INFOPLIST_KEY_UILaunchStoryboardName = LaunchScreen;
				INFOPLIST_KEY_UIMainStoryboardFile = "";
				INFOPLIST_KEY_UISupportedInterfaceOrientations_iPad = "UIInterfaceOrientationPortrait UIInterfaceOrientationPortraitUpsideDown UIInterfaceOrientationLandscapeLeft UIInterfaceOrientationLandscapeRight";
				INFOPLIST_KEY_UISupportedInterfaceOrientations_iPhone = "UIInterfaceOrientationPortrait UIInterfaceOrientationLandscapeLeft UIInterfaceOrientationLandscapeRight";
				LD_RUNPATH_SEARCH_PATHS = (
					"$(inherited)",
					"@executable_path/Frameworks",
				);
				MARKETING_VERSION = 1.0;
				PRODUCT_BUNDLE_IDENTIFIER = backfront.CoinTracker;
				PRODUCT_NAME = "$(TARGET_NAME)";
				SUPPORTED_PLATFORMS = "iphoneos iphonesimulator";
				SUPPORTS_MACCATALYST = NO;
				SUPPORTS_MAC_DESIGNED_FOR_IPHONE_IPAD = NO;
				SUPPORTS_XR_DESIGNED_FOR_IPHONE_IPAD = NO;
				SWIFT_EMIT_LOC_STRINGS = YES;
				SWIFT_VERSION = 5.0;
				TARGETED_DEVICE_FAMILY = 1;
			};
			name = Debug;
		};
		D0589FFD2DE129A400E252EB /* Release */ = {
			isa = XCBuildConfiguration;
			buildSettings = {
				ASSETCATALOG_COMPILER_APPICON_NAME = AppIcon;
				ASSETCATALOG_COMPILER_GLOBAL_ACCENT_COLOR_NAME = AccentColor;
				CODE_SIGN_ENTITLEMENTS = CoinTracker/CoinTracker.entitlements;
				CODE_SIGN_STYLE = Automatic;
				CURRENT_PROJECT_VERSION = 1;
				DEVELOPMENT_TEAM = 273F76QQVA;
				GENERATE_INFOPLIST_FILE = YES;
				INFOPLIST_FILE = CoinTracker/Info.plist;
				INFOPLIST_KEY_UIApplicationSupportsIndirectInputEvents = YES;
				INFOPLIST_KEY_UILaunchStoryboardName = LaunchScreen;
				INFOPLIST_KEY_UIMainStoryboardFile = "";
				INFOPLIST_KEY_UISupportedInterfaceOrientations_iPad = "UIInterfaceOrientationPortrait UIInterfaceOrientationPortraitUpsideDown UIInterfaceOrientationLandscapeLeft UIInterfaceOrientationLandscapeRight";
				INFOPLIST_KEY_UISupportedInterfaceOrientations_iPhone = "UIInterfaceOrientationPortrait UIInterfaceOrientationLandscapeLeft UIInterfaceOrientationLandscapeRight";
				LD_RUNPATH_SEARCH_PATHS = (
					"$(inherited)",
					"@executable_path/Frameworks",
				);
				MARKETING_VERSION = 1.0;
				PRODUCT_BUNDLE_IDENTIFIER = backfront.CoinTracker;
				PRODUCT_NAME = "$(TARGET_NAME)";
				SUPPORTED_PLATFORMS = "iphoneos iphonesimulator";
				SUPPORTS_MACCATALYST = NO;
				SUPPORTS_MAC_DESIGNED_FOR_IPHONE_IPAD = NO;
				SUPPORTS_XR_DESIGNED_FOR_IPHONE_IPAD = NO;
				SWIFT_EMIT_LOC_STRINGS = YES;
				SWIFT_VERSION = 5.0;
				TARGETED_DEVICE_FAMILY = 1;
			};
			name = Release;
		};
		D0589FFE2DE129A400E252EB /* Debug */ = {
			isa = XCBuildConfiguration;
			buildSettings = {
				ALWAYS_SEARCH_USER_PATHS = NO;
				ASSETCATALOG_COMPILER_GENERATE_SWIFT_ASSET_SYMBOL_EXTENSIONS = YES;
				CLANG_ANALYZER_NONNULL = YES;
				CLANG_ANALYZER_NUMBER_OBJECT_CONVERSION = YES_AGGRESSIVE;
				CLANG_CXX_LANGUAGE_STANDARD = "gnu++20";
				CLANG_ENABLE_MODULES = YES;
				CLANG_ENABLE_OBJC_ARC = YES;
				CLANG_ENABLE_OBJC_WEAK = YES;
				CLANG_WARN_BLOCK_CAPTURE_AUTORELEASING = YES;
				CLANG_WARN_BOOL_CONVERSION = YES;
				CLANG_WARN_COMMA = YES;
				CLANG_WARN_CONSTANT_CONVERSION = YES;
				CLANG_WARN_DEPRECATED_OBJC_IMPLEMENTATIONS = YES;
				CLANG_WARN_DIRECT_OBJC_ISA_USAGE = YES_ERROR;
				CLANG_WARN_DOCUMENTATION_COMMENTS = YES;
				CLANG_WARN_EMPTY_BODY = YES;
				CLANG_WARN_ENUM_CONVERSION = YES;
				CLANG_WARN_INFINITE_RECURSION = YES;
				CLANG_WARN_INT_CONVERSION = YES;
				CLANG_WARN_NON_LITERAL_NULL_CONVERSION = YES;
				CLANG_WARN_OBJC_IMPLICIT_RETAIN_SELF = YES;
				CLANG_WARN_OBJC_LITERAL_CONVERSION = YES;
				CLANG_WARN_OBJC_ROOT_CLASS = YES_ERROR;
				CLANG_WARN_QUOTED_INCLUDE_IN_FRAMEWORK_HEADER = YES;
				CLANG_WARN_RANGE_LOOP_ANALYSIS = YES;
				CLANG_WARN_STRICT_PROTOTYPES = YES;
				CLANG_WARN_SUSPICIOUS_MOVE = YES;
				CLANG_WARN_UNGUARDED_AVAILABILITY = YES_AGGRESSIVE;
				CLANG_WARN_UNREACHABLE_CODE = YES;
				CLANG_WARN__DUPLICATE_METHOD_MATCH = YES;
				COPY_PHASE_STRIP = NO;
				DEBUG_INFORMATION_FORMAT = dwarf;
				ENABLE_STRICT_OBJC_MSGSEND = YES;
				ENABLE_TESTABILITY = YES;
				ENABLE_USER_SCRIPT_SANDBOXING = YES;
				GCC_C_LANGUAGE_STANDARD = gnu17;
				GCC_DYNAMIC_NO_PIC = NO;
				GCC_NO_COMMON_BLOCKS = YES;
				GCC_OPTIMIZATION_LEVEL = 0;
				GCC_PREPROCESSOR_DEFINITIONS = (
					"DEBUG=1",
					"$(inherited)",
				);
				GCC_WARN_64_TO_32_BIT_CONVERSION = YES;
				GCC_WARN_ABOUT_RETURN_TYPE = YES_ERROR;
				GCC_WARN_UNDECLARED_SELECTOR = YES;
				GCC_WARN_UNINITIALIZED_AUTOS = YES_AGGRESSIVE;
				GCC_WARN_UNUSED_FUNCTION = YES;
				GCC_WARN_UNUSED_VARIABLE = YES;
				IPHONEOS_DEPLOYMENT_TARGET = 18.2;
				LOCALIZATION_PREFERS_STRING_CATALOGS = YES;
				MTL_ENABLE_DEBUG_INFO = INCLUDE_SOURCE;
				MTL_FAST_MATH = YES;
				ONLY_ACTIVE_ARCH = YES;
				SDKROOT = iphoneos;
				SWIFT_ACTIVE_COMPILATION_CONDITIONS = "DEBUG $(inherited)";
				SWIFT_OPTIMIZATION_LEVEL = "-Onone";
			};
			name = Debug;
		};
		D0589FFF2DE129A400E252EB /* Release */ = {
			isa = XCBuildConfiguration;
			buildSettings = {
				ALWAYS_SEARCH_USER_PATHS = NO;
				ASSETCATALOG_COMPILER_GENERATE_SWIFT_ASSET_SYMBOL_EXTENSIONS = YES;
				CLANG_ANALYZER_NONNULL = YES;
				CLANG_ANALYZER_NUMBER_OBJECT_CONVERSION = YES_AGGRESSIVE;
				CLANG_CXX_LANGUAGE_STANDARD = "gnu++20";
				CLANG_ENABLE_MODULES = YES;
				CLANG_ENABLE_OBJC_ARC = YES;
				CLANG_ENABLE_OBJC_WEAK = YES;
				CLANG_WARN_BLOCK_CAPTURE_AUTORELEASING = YES;
				CLANG_WARN_BOOL_CONVERSION = YES;
				CLANG_WARN_COMMA = YES;
				CLANG_WARN_CONSTANT_CONVERSION = YES;
				CLANG_WARN_DEPRECATED_OBJC_IMPLEMENTATIONS = YES;
				CLANG_WARN_DIRECT_OBJC_ISA_USAGE = YES_ERROR;
				CLANG_WARN_DOCUMENTATION_COMMENTS = YES;
				CLANG_WARN_EMPTY_BODY = YES;
				CLANG_WARN_ENUM_CONVERSION = YES;
				CLANG_WARN_INFINITE_RECURSION = YES;
				CLANG_WARN_INT_CONVERSION = YES;
				CLANG_WARN_NON_LITERAL_NULL_CONVERSION = YES;
				CLANG_WARN_OBJC_IMPLICIT_RETAIN_SELF = YES;
				CLANG_WARN_OBJC_LITERAL_CONVERSION = YES;
				CLANG_WARN_OBJC_ROOT_CLASS = YES_ERROR;
				CLANG_WARN_QUOTED_INCLUDE_IN_FRAMEWORK_HEADER = YES;
				CLANG_WARN_RANGE_LOOP_ANALYSIS = YES;
				CLANG_WARN_STRICT_PROTOTYPES = YES;
				CLANG_WARN_SUSPICIOUS_MOVE = YES;
				CLANG_WARN_UNGUARDED_AVAILABILITY = YES_AGGRESSIVE;
				CLANG_WARN_UNREACHABLE_CODE = YES;
				CLANG_WARN__DUPLICATE_METHOD_MATCH = YES;
				COPY_PHASE_STRIP = NO;
				DEBUG_INFORMATION_FORMAT = "dwarf-with-dsym";
				ENABLE_NS_ASSERTIONS = NO;
				ENABLE_STRICT_OBJC_MSGSEND = YES;
				ENABLE_USER_SCRIPT_SANDBOXING = YES;
				GCC_C_LANGUAGE_STANDARD = gnu17;
				GCC_NO_COMMON_BLOCKS = YES;
				GCC_WARN_64_TO_32_BIT_CONVERSION = YES;
				GCC_WARN_ABOUT_RETURN_TYPE = YES_ERROR;
				GCC_WARN_UNDECLARED_SELECTOR = YES;
				GCC_WARN_UNINITIALIZED_AUTOS = YES_AGGRESSIVE;
				GCC_WARN_UNUSED_FUNCTION = YES;
				GCC_WARN_UNUSED_VARIABLE = YES;
				IPHONEOS_DEPLOYMENT_TARGET = 18.2;
				LOCALIZATION_PREFERS_STRING_CATALOGS = YES;
				MTL_ENABLE_DEBUG_INFO = NO;
				MTL_FAST_MATH = YES;
				SDKROOT = iphoneos;
				SWIFT_COMPILATION_MODE = wholemodule;
				VALIDATE_PRODUCT = YES;
			};
			name = Release;
		};
/* End XCBuildConfiguration section */

/* Begin XCConfigurationList section */
		D02610DC2E4FE1E300AE6999 /* Build configuration list for PBXNativeTarget "CoinTrackerTests" */ = {
			isa = XCConfigurationList;
			buildConfigurations = (
				D02610DA2E4FE1E300AE6999 /* Debug */,
				D02610DB2E4FE1E300AE6999 /* Release */,
			);
			defaultConfigurationIsVisible = 0;
			defaultConfigurationName = Release;
		};
		D0589FE32DE129A100E252EB /* Build configuration list for PBXProject "CoinTracker" */ = {
			isa = XCConfigurationList;
			buildConfigurations = (
				D0589FFE2DE129A400E252EB /* Debug */,
				D0589FFF2DE129A400E252EB /* Release */,
			);
			defaultConfigurationIsVisible = 0;
			defaultConfigurationName = Release;
		};
		D0589FFB2DE129A400E252EB /* Build configuration list for PBXNativeTarget "CoinTracker" */ = {
			isa = XCConfigurationList;
			buildConfigurations = (
				D0589FFC2DE129A400E252EB /* Debug */,
				D0589FFD2DE129A400E252EB /* Release */,
			);
			defaultConfigurationIsVisible = 0;
			defaultConfigurationName = Release;
		};
/* End XCConfigurationList section */

/* Begin XCRemoteSwiftPackageReference section */
		D02611052E4FEEF400AE6999 /* XCRemoteSwiftPackageReference "OHHTTPStubs" */ = {
			isa = XCRemoteSwiftPackageReference;
			repositoryURL = "https://github.com/AliSoftware/OHHTTPStubs.git";
			requirement = {
				kind = upToNextMajorVersion;
				minimumVersion = 9.1.0;
			};
		};
		D03C00F52E0E4D4D00C1E61B /* XCRemoteSwiftPackageReference "GoogleSignIn-iOS" */ = {
			isa = XCRemoteSwiftPackageReference;
			repositoryURL = "https://github.com/google/GoogleSignIn-iOS";
			requirement = {
				kind = upToNextMajorVersion;
				minimumVersion = 8.0.0;
			};
		};
		D0C0197F2E15F51C005A0414 /* XCRemoteSwiftPackageReference "facebook-ios-sdk" */ = {
			isa = XCRemoteSwiftPackageReference;
			repositoryURL = "https://github.com/facebook/facebook-ios-sdk";
			requirement = {
				kind = upToNextMajorVersion;
				minimumVersion = 14.1.0;
			};
		};
		D0E4E6972E0A4B7C009A91B1 /* XCRemoteSwiftPackageReference "firebase-ios-sdk" */ = {
			isa = XCRemoteSwiftPackageReference;
			repositoryURL = "https://github.com/firebase/firebase-ios-sdk";
			requirement = {
				kind = upToNextMajorVersion;
				minimumVersion = 11.15.0;
			};
		};
/* End XCRemoteSwiftPackageReference section */

/* Begin XCSwiftPackageProductDependency section */
		D02611062E4FEEF400AE6999 /* OHHTTPStubs */ = {
			isa = XCSwiftPackageProductDependency;
			package = D02611052E4FEEF400AE6999 /* XCRemoteSwiftPackageReference "OHHTTPStubs" */;
			productName = OHHTTPStubs;
		};
		D02611082E4FEEF500AE6999 /* OHHTTPStubsSwift */ = {
			isa = XCSwiftPackageProductDependency;
			package = D02611052E4FEEF400AE6999 /* XCRemoteSwiftPackageReference "OHHTTPStubs" */;
			productName = OHHTTPStubsSwift;
		};
		D03C00F62E0E4D4D00C1E61B /* GoogleSignIn */ = {
			isa = XCSwiftPackageProductDependency;
			package = D03C00F52E0E4D4D00C1E61B /* XCRemoteSwiftPackageReference "GoogleSignIn-iOS" */;
			productName = GoogleSignIn;
		};
		D03C00F82E0E4D4D00C1E61B /* GoogleSignInSwift */ = {
			isa = XCSwiftPackageProductDependency;
			package = D03C00F52E0E4D4D00C1E61B /* XCRemoteSwiftPackageReference "GoogleSignIn-iOS" */;
			productName = GoogleSignInSwift;
		};
		D0C019802E15F51C005A0414 /* FacebookCore */ = {
			isa = XCSwiftPackageProductDependency;
			package = D0C0197F2E15F51C005A0414 /* XCRemoteSwiftPackageReference "facebook-ios-sdk" */;
			productName = FacebookCore;
		};
		D0C019822E15F51C005A0414 /* FacebookLogin */ = {
			isa = XCSwiftPackageProductDependency;
			package = D0C0197F2E15F51C005A0414 /* XCRemoteSwiftPackageReference "facebook-ios-sdk" */;
			productName = FacebookLogin;
		};
		D0E4E6982E0A4B7C009A91B1 /* FirebaseAuth */ = {
			isa = XCSwiftPackageProductDependency;
			package = D0E4E6972E0A4B7C009A91B1 /* XCRemoteSwiftPackageReference "firebase-ios-sdk" */;
			productName = FirebaseAuth;
		};
		D0E4E69A2E0A4B7C009A91B1 /* FirebaseCrashlytics */ = {
			isa = XCSwiftPackageProductDependency;
			package = D0E4E6972E0A4B7C009A91B1 /* XCRemoteSwiftPackageReference "firebase-ios-sdk" */;
			productName = FirebaseCrashlytics;
		};
/* End XCSwiftPackageProductDependency section */
	};
	rootObject = D0589FE02DE129A100E252EB /* Project object */;
}
